
Microsoft Visual Studio Solution File, Format Version 12.00
# Visual Studio Version 17
VisualStudioVersion = 17.9.34616.47
MinimumVisualStudioVersion = 10.0.40219.1
Project("{9092AA53-FB77-4645-B42D-1CCCA6BD08BD}") = "supercoolsite", "supercoolsite\supercoolsite.njsproj", "{E78D9619-011E-4014-8759-0948D3C0E6C5}"
EndProject
Global
	GlobalSection(SolutionConfigurationPlatforms) = preSolution
		Debug|Any CPU = Debug|Any CPU
		Release|Any CPU = Release|Any CPU
	EndGlobalSection
	GlobalSection(ProjectConfigurationPlatforms) = postSolution
		{E78D9619-011E-4014-8759-0948D3C0E6C5}.Debug|Any CPU.ActiveCfg = Debug|Any CPU
		{E78D9619-011E-4014-8759-0948D3C0E6C5}.Debug|Any CPU.Build.0 = Debug|Any CPU
		{E78D9619-011E-4014-8759-0948D3C0E6C5}.Release|Any CPU.ActiveCfg = Release|Any CPU
		{E78D9619-011E-4014-8759-0948D3C0E6C5}.Release|Any CPU.Build.0 = Release|Any CPU
	EndGlobalSection
	GlobalSection(SolutionProperties) = preSolution
		HideSolutionNode = FALSE
	EndGlobalSection
	GlobalSection(ExtensibilityGlobals) = postSolution
		SolutionGuid = {031ECAAC-EB54-44FF-8250-85A0A963F465}
	EndGlobalSection
EndGlobal
